
Microsoft Visual Studio Solution File, Format Version 12.00
# Visual Studio 15
VisualStudioVersion = 15.0.28307.1000
MinimumVisualStudioVersion = 10.0.40219.1
Project("{888888A0-9F3D-457C-B088-3A5042F75D52}") = "R4DL", "R4DL.pyproj", "{73CCB54D-C394-4589-AC27-1A9727D11C24}"
EndProject
Global
	GlobalSection(SolutionConfigurationPlatforms) = preSolution
		Debug|Any CPU = Debug|Any CPU
		Release|Any CPU = Release|Any CPU
	EndGlobalSection
	GlobalSection(ProjectConfigurationPlatforms) = postSolution
		{73CCB54D-C394-4589-AC27-1A9727D11C24}.Debug|Any CPU.ActiveCfg = Debug|Any CPU
		{73CCB54D-C394-4589-AC27-1A9727D11C24}.Release|Any CPU.ActiveCfg = Release|Any CPU
	EndGlobalSection
	GlobalSection(SolutionProperties) = preSolution
		HideSolutionNode = FALSE
	EndGlobalSection
	GlobalSection(ExtensibilityGlobals) = postSolution
		SolutionGuid = {EF2FF9A3-6BCB-4ADE-843E-9DC4D8CE26CC}
	EndGlobalSection
EndGlobal
